
Microsoft Visual Studio Solution File, Format Version 12.00
Project("{2150E333-8FDC-42A3-9474-1A3956D46DE8}") = "Src", "Src", "{26903769-70E7-4E22-A567-E8879CDE77FA}"
EndProject
Project("{2150E333-8FDC-42A3-9474-1A3956D46DE8}") = "Tests", "Tests", "{D8C40F18-FEE7-4A91-A3DF-79CB17C92D8B}"
EndProject
Project("{2150E333-8FDC-42A3-9474-1A3956D46DE8}") = "SolutionItems", "SolutionItems", "{B09FC161-4DFE-4514-9400-FC3B9E8F1815}"
	ProjectSection(SolutionItems) = preProject
		Directory.Build.props = Directory.Build.props
		Directory.Packages.props = Directory.Packages.props
		global.json = global.json
		README.md = README.md
		Nuget.config = Nuget.config
		.editorconfig = .editorconfig
		.gitignore = .gitignore
		.dockerignore = .dockerignore
		Dockerfile = Dockerfile
		docker-compose.yml = docker-compose.yml
		.env = .env
		.env.example = .env.example
	EndProjectSection
EndProject
Project("{FAE04EC0-301F-11D3-BF4B-00C04F79EFBC}") = "Infrastructure", "Src\Infrastructure\Infrastructure.csproj", "{6561D057-532A-42CA-9E5D-54FBDB901546}"
EndProject
Project("{FAE04EC0-301F-11D3-BF4B-00C04F79EFBC}") = "Application", "Src\Application\Application.csproj", "{3FD8C401-AF6C-4C4F-867A-39CFD56688DE}"
EndProject
Project("{FAE04EC0-301F-11D3-BF4B-00C04F79EFBC}") = "Web", "Src\Web\Web.csproj", "{41F733E9-7087-43E3-B9D6-FCB158FE5E45}"
EndProject
Project("{FAE04EC0-301F-11D3-BF4B-00C04F79EFBC}") = "UnitTests", "Tests\UnitTests\UnitTests.csproj", "{FBF8815C-E61D-44FA-B569-6A37557BCC21}"
EndProject
Project("{FAE04EC0-301F-11D3-BF4B-00C04F79EFBC}") = "FunctionalTests", "Tests\FunctionalTests\FunctionalTests.csproj", "{B8375A86-8830-4133-9E4A-9C2CBDE7F545}"
EndProject
Project("{FAE04EC0-301F-11D3-BF4B-00C04F79EFBC}") = "IntegrationTests", "Tests\IntegrationTests\IntegrationTests.csproj", "{2F5C5153-2AB4-4C20-A791-7669BDFC66EA}"
EndProject
Global
	GlobalSection(SolutionConfigurationPlatforms) = preSolution
		Debug|Any CPU = Debug|Any CPU
		Release|Any CPU = Release|Any CPU
	EndGlobalSection
	GlobalSection(NestedProjects) = preSolution
		{6561D057-532A-42CA-9E5D-54FBDB901546} = {26903769-70E7-4E22-A567-E8879CDE77FA}
		{3FD8C401-AF6C-4C4F-867A-39CFD56688DE} = {26903769-70E7-4E22-A567-E8879CDE77FA}
		{41F733E9-7087-43E3-B9D6-FCB158FE5E45} = {26903769-70E7-4E22-A567-E8879CDE77FA}
		{FBF8815C-E61D-44FA-B569-6A37557BCC21} = {D8C40F18-FEE7-4A91-A3DF-79CB17C92D8B}
		{B8375A86-8830-4133-9E4A-9C2CBDE7F545} = {D8C40F18-FEE7-4A91-A3DF-79CB17C92D8B}
		{2F5C5153-2AB4-4C20-A791-7669BDFC66EA} = {D8C40F18-FEE7-4A91-A3DF-79CB17C92D8B}
	EndGlobalSection
	GlobalSection(ProjectConfigurationPlatforms) = postSolution
		{6561D057-532A-42CA-9E5D-54FBDB901546}.Debug|Any CPU.ActiveCfg = Debug|Any CPU
		{6561D057-532A-42CA-9E5D-54FBDB901546}.Debug|Any CPU.Build.0 = Debug|Any CPU
		{6561D057-532A-42CA-9E5D-54FBDB901546}.Release|Any CPU.ActiveCfg = Release|Any CPU
		{6561D057-532A-42CA-9E5D-54FBDB901546}.Release|Any CPU.Build.0 = Release|Any CPU
		{3FD8C401-AF6C-4C4F-867A-39CFD56688DE}.Debug|Any CPU.ActiveCfg = Debug|Any CPU
		{3FD8C401-AF6C-4C4F-867A-39CFD56688DE}.Debug|Any CPU.Build.0 = Debug|Any CPU
		{3FD8C401-AF6C-4C4F-867A-39CFD56688DE}.Release|Any CPU.ActiveCfg = Release|Any CPU
		{3FD8C401-AF6C-4C4F-867A-39CFD56688DE}.Release|Any CPU.Build.0 = Release|Any CPU
		{41F733E9-7087-43E3-B9D6-FCB158FE5E45}.Debug|Any CPU.ActiveCfg = Debug|Any CPU
		{41F733E9-7087-43E3-B9D6-FCB158FE5E45}.Debug|Any CPU.Build.0 = Debug|Any CPU
		{41F733E9-7087-43E3-B9D6-FCB158FE5E45}.Release|Any CPU.ActiveCfg = Release|Any CPU
		{41F733E9-7087-43E3-B9D6-FCB158FE5E45}.Release|Any CPU.Build.0 = Release|Any CPU
		{FBF8815C-E61D-44FA-B569-6A37557BCC21}.Debug|Any CPU.ActiveCfg = Debug|Any CPU
		{FBF8815C-E61D-44FA-B569-6A37557BCC21}.Debug|Any CPU.Build.0 = Debug|Any CPU
		{FBF8815C-E61D-44FA-B569-6A37557BCC21}.Release|Any CPU.ActiveCfg = Release|Any CPU
		{FBF8815C-E61D-44FA-B569-6A37557BCC21}.Release|Any CPU.Build.0 = Release|Any CPU
		{B8375A86-8830-4133-9E4A-9C2CBDE7F545}.Debug|Any CPU.ActiveCfg = Debug|Any CPU
		{B8375A86-8830-4133-9E4A-9C2CBDE7F545}.Debug|Any CPU.Build.0 = Debug|Any CPU
		{B8375A86-8830-4133-9E4A-9C2CBDE7F545}.Release|Any CPU.ActiveCfg = Release|Any CPU
		{B8375A86-8830-4133-9E4A-9C2CBDE7F545}.Release|Any CPU.Build.0 = Release|Any CPU
		{2F5C5153-2AB4-4C20-A791-7669BDFC66EA}.Debug|Any CPU.ActiveCfg = Debug|Any CPU
		{2F5C5153-2AB4-4C20-A791-7669BDFC66EA}.Debug|Any CPU.Build.0 = Debug|Any CPU
		{2F5C5153-2AB4-4C20-A791-7669BDFC66EA}.Release|Any CPU.ActiveCfg = Release|Any CPU
		{2F5C5153-2AB4-4C20-A791-7669BDFC66EA}.Release|Any CPU.Build.0 = Release|Any CPU
	EndGlobalSection
EndGlobal
